{
  "name": "test_project",
  "version": "1.0.0",
  "lockfileVersion": 2,
  "requires": true,
  "packages": {
    "": {
      "version": "1.0.0",
      "license": "0BSD",
      "dependencies": {
        "@nartallax/qubie-transformer": "file:../transformer/target/package.tgz"
      }
    },
    "node_modules/@nartallax/qubie-transformer": {
      "version": "1.0.0",
      "resolved": "file:../transformer/target/package.tgz",
      "integrity": "sha512-M7/i0+ecedB3pTp6ygrhUJxZnB3Dtm3J9MCKIo7CMBeMJckNAGcOl4DJCVYY5CRylMtdzgNBIGUOr6XtFkmeGA==",
      "license": "0BSD"
    }
  },
  "dependencies": {
    "@nartallax/qubie-transformer": {
      "version": "file:../transformer/target/package.tgz",
      "integrity": "sha512-M7/i0+ecedB3pTp6ygrhUJxZnB3Dtm3J9MCKIo7CMBeMJckNAGcOl4DJCVYY5CRylMtdzgNBIGUOr6XtFkmeGA=="
    }
  }
}
