{
  "name": "@nartallax/qubie-transformer",
  "version": "1.0.0",
  "lockfileVersion": 2,
  "requires": true,
  "packages": {
    "": {
      "name": "@nartallax/qubie-transformer",
      "version": "1.0.0",
      "license": "0BSD",
      "dependencies": {
        "@nartallax/qubie": "file:../core/target/package.tgz",
        "@nartallax/toolbox-transformer": "^1.0.19"
      }
    },
    "node_modules/@nartallax/qubie": {
      "version": "1.0.0",
      "resolved": "file:../core/target/package.tgz",
      "integrity": "sha512-/Jb6ENu1qPSMAPQ3IPX2yMNuDVvqMHKc/mM76hmR//z+S+Q7784cNdQKlCI/eHxd1Q3TSFsZBQdflx2eniejGA==",
      "license": "0BSD"
    },
    "node_modules/@nartallax/toolbox-transformer": {
      "version": "1.0.19",
      "resolved": "https://registry.npmjs.org/@nartallax/toolbox-transformer/-/toolbox-transformer-1.0.19.tgz",
      "integrity": "sha512-Uqn9IdcQXj0tGzAZRPSYbk4y1BMP61j/MXcd5bcrPGN62o+z/Oe9wTfZziaj0o+2Qs5HTfHykwDPZGE7S3uaJQ=="
    }
  },
  "dependencies": {
    "@nartallax/qubie": {
      "version": "file:../core/target/package.tgz",
      "integrity": "sha512-/Jb6ENu1qPSMAPQ3IPX2yMNuDVvqMHKc/mM76hmR//z+S+Q7784cNdQKlCI/eHxd1Q3TSFsZBQdflx2eniejGA=="
    },
    "@nartallax/toolbox-transformer": {
      "version": "1.0.19",
      "resolved": "https://registry.npmjs.org/@nartallax/toolbox-transformer/-/toolbox-transformer-1.0.19.tgz",
      "integrity": "sha512-Uqn9IdcQXj0tGzAZRPSYbk4y1BMP61j/MXcd5bcrPGN62o+z/Oe9wTfZziaj0o+2Qs5HTfHykwDPZGE7S3uaJQ=="
    }
  }
}
